
Microsoft Visual Studio Solution File, Format Version 12.00
# Visual Studio Version 17
VisualStudioVersion = 17.12.35506.116
MinimumVisualStudioVersion = 10.0.40219.1
Project("{8BC9CEB8-8B4A-11D0-8D11-00A0C91BC942}") = "IntroductionToOOP", "IntroductionToOOP\IntroductionToOOP.vcxproj", "{35425046-885D-4D1A-B0D4-22EDEB9D58B0}"
EndProject
Project("{8BC9CEB8-8B4A-11D0-8D11-00A0C91BC942}") = "Fraction", "Fraction\Fraction.vcxproj", "{F649BF25-5738-41C1-94D5-C188D852B2C7}"
EndProject
Project("{8BC9CEB8-8B4A-11D0-8D11-00A0C91BC942}") = "Class_Fraction", "Class_Fraction\Class_Fraction.vcxproj", "{27E749B2-9F12-4BED-861C-2C1F5CD46FAB}"
EndProject
Project("{8BC9CEB8-8B4A-11D0-8D11-00A0C91BC942}") = "String", "String\String.vcxproj", "{1AB6DFF0-D701-41F2-84A3-7B6E134401B0}"
EndProject
Project("{8BC9CEB8-8B4A-11D0-8D11-00A0C91BC942}") = "Class_String", "Class_String\Class_String.vcxproj", "{93D5ABEF-3592-4A21-82AD-24FEE4AF3273}"
EndProject
Global
	GlobalSection(SolutionConfigurationPlatforms) = preSolution
		Debug|x64 = Debug|x64
		Debug|x86 = Debug|x86
		Release|x64 = Release|x64
		Release|x86 = Release|x86
	EndGlobalSection
	GlobalSection(ProjectConfigurationPlatforms) = postSolution
		{35425046-885D-4D1A-B0D4-22EDEB9D58B0}.Debug|x64.ActiveCfg = Debug|x64
		{35425046-885D-4D1A-B0D4-22EDEB9D58B0}.Debug|x64.Build.0 = Debug|x64
		{35425046-885D-4D1A-B0D4-22EDEB9D58B0}.Debug|x86.ActiveCfg = Debug|Win32
		{35425046-885D-4D1A-B0D4-22EDEB9D58B0}.Debug|x86.Build.0 = Debug|Win32
		{35425046-885D-4D1A-B0D4-22EDEB9D58B0}.Release|x64.ActiveCfg = Release|x64
		{35425046-885D-4D1A-B0D4-22EDEB9D58B0}.Release|x64.Build.0 = Release|x64
		{35425046-885D-4D1A-B0D4-22EDEB9D58B0}.Release|x86.ActiveCfg = Release|Win32
		{35425046-885D-4D1A-B0D4-22EDEB9D58B0}.Release|x86.Build.0 = Release|Win32
		{F649BF25-5738-41C1-94D5-C188D852B2C7}.Debug|x64.ActiveCfg = Debug|x64
		{F649BF25-5738-41C1-94D5-C188D852B2C7}.Debug|x64.Build.0 = Debug|x64
		{F649BF25-5738-41C1-94D5-C188D852B2C7}.Debug|x86.ActiveCfg = Debug|Win32
		{F649BF25-5738-41C1-94D5-C188D852B2C7}.Debug|x86.Build.0 = Debug|Win32
		{F649BF25-5738-41C1-94D5-C188D852B2C7}.Release|x64.ActiveCfg = Release|x64
		{F649BF25-5738-41C1-94D5-C188D852B2C7}.Release|x64.Build.0 = Release|x64
		{F649BF25-5738-41C1-94D5-C188D852B2C7}.Release|x86.ActiveCfg = Release|Win32
		{F649BF25-5738-41C1-94D5-C188D852B2C7}.Release|x86.Build.0 = Release|Win32
		{27E749B2-9F12-4BED-861C-2C1F5CD46FAB}.Debug|x64.ActiveCfg = Debug|x64
		{27E749B2-9F12-4BED-861C-2C1F5CD46FAB}.Debug|x64.Build.0 = Debug|x64
		{27E749B2-9F12-4BED-861C-2C1F5CD46FAB}.Debug|x86.ActiveCfg = Debug|Win32
		{27E749B2-9F12-4BED-861C-2C1F5CD46FAB}.Debug|x86.Build.0 = Debug|Win32
		{27E749B2-9F12-4BED-861C-2C1F5CD46FAB}.Release|x64.ActiveCfg = Release|x64
		{27E749B2-9F12-4BED-861C-2C1F5CD46FAB}.Release|x64.Build.0 = Release|x64
		{27E749B2-9F12-4BED-861C-2C1F5CD46FAB}.Release|x86.ActiveCfg = Release|Win32
		{27E749B2-9F12-4BED-861C-2C1F5CD46FAB}.Release|x86.Build.0 = Release|Win32
		{1AB6DFF0-D701-41F2-84A3-7B6E134401B0}.Debug|x64.ActiveCfg = Debug|x64
		{1AB6DFF0-D701-41F2-84A3-7B6E134401B0}.Debug|x64.Build.0 = Debug|x64
		{1AB6DFF0-D701-41F2-84A3-7B6E134401B0}.Debug|x86.ActiveCfg = Debug|Win32
		{1AB6DFF0-D701-41F2-84A3-7B6E134401B0}.Debug|x86.Build.0 = Debug|Win32
		{1AB6DFF0-D701-41F2-84A3-7B6E134401B0}.Release|x64.ActiveCfg = Release|x64
		{1AB6DFF0-D701-41F2-84A3-7B6E134401B0}.Release|x64.Build.0 = Release|x64
		{1AB6DFF0-D701-41F2-84A3-7B6E134401B0}.Release|x86.ActiveCfg = Release|Win32
		{1AB6DFF0-D701-41F2-84A3-7B6E134401B0}.Release|x86.Build.0 = Release|Win32
		{93D5ABEF-3592-4A21-82AD-24FEE4AF3273}.Debug|x64.ActiveCfg = Debug|x64
		{93D5ABEF-3592-4A21-82AD-24FEE4AF3273}.Debug|x64.Build.0 = Debug|x64
		{93D5ABEF-3592-4A21-82AD-24FEE4AF3273}.Debug|x86.ActiveCfg = Debug|Win32
		{93D5ABEF-3592-4A21-82AD-24FEE4AF3273}.Debug|x86.Build.0 = Debug|Win32
		{93D5ABEF-3592-4A21-82AD-24FEE4AF3273}.Release|x64.ActiveCfg = Release|x64
		{93D5ABEF-3592-4A21-82AD-24FEE4AF3273}.Release|x64.Build.0 = Release|x64
		{93D5ABEF-3592-4A21-82AD-24FEE4AF3273}.Release|x86.ActiveCfg = Release|Win32
		{93D5ABEF-3592-4A21-82AD-24FEE4AF3273}.Release|x86.Build.0 = Release|Win32
	EndGlobalSection
	GlobalSection(SolutionProperties) = preSolution
		HideSolutionNode = FALSE
	EndGlobalSection
EndGlobal
